
Microsoft Visual Studio Solution File, Format Version 12.00
# Visual Studio Version 17
VisualStudioVersion = 17.7.34221.43
MinimumVisualStudioVersion = 10.0.40219.1
Project("{FAE04EC0-301F-11D3-BF4B-00C04F79EFBC}") = "Olivero_Pietro_1", "Olivero_Pietro_1\Olivero_Pietro_1.csproj", "{2A001142-950B-4E4A-B0DC-18FB85970412}"
EndProject
Global
	GlobalSection(SolutionConfigurationPlatforms) = preSolution
		Debug|Any CPU = Debug|Any CPU
		Release|Any CPU = Release|Any CPU
	EndGlobalSection
	GlobalSection(ProjectConfigurationPlatforms) = postSolution
		{2A001142-950B-4E4A-B0DC-18FB85970412}.Debug|Any CPU.ActiveCfg = Debug|Any CPU
		{2A001142-950B-4E4A-B0DC-18FB85970412}.Debug|Any CPU.Build.0 = Debug|Any CPU
		{2A001142-950B-4E4A-B0DC-18FB85970412}.Release|Any CPU.ActiveCfg = Release|Any CPU
		{2A001142-950B-4E4A-B0DC-18FB85970412}.Release|Any CPU.Build.0 = Release|Any CPU
	EndGlobalSection
	GlobalSection(SolutionProperties) = preSolution
		HideSolutionNode = FALSE
	EndGlobalSection
	GlobalSection(ExtensibilityGlobals) = postSolution
		SolutionGuid = {AB716461-CE88-45D1-99DF-7EDA11BF5320}
	EndGlobalSection
EndGlobal
