
Microsoft Visual Studio Solution File, Format Version 12.00
# Visual Studio Version 17
VisualStudioVersion = 17.7.34221.43
MinimumVisualStudioVersion = 10.0.40219.1
Project("{FAE04EC0-301F-11D3-BF4B-00C04F79EFBC}") = "Ese_60_Pag_86", "Ese_60_Pag_86\Ese_60_Pag_86.csproj", "{107D34E1-306B-4AE1-97F5-D74A47752995}"
EndProject
Global
	GlobalSection(SolutionConfigurationPlatforms) = preSolution
		Debug|Any CPU = Debug|Any CPU
		Release|Any CPU = Release|Any CPU
	EndGlobalSection
	GlobalSection(ProjectConfigurationPlatforms) = postSolution
		{107D34E1-306B-4AE1-97F5-D74A47752995}.Debug|Any CPU.ActiveCfg = Debug|Any CPU
		{107D34E1-306B-4AE1-97F5-D74A47752995}.Debug|Any CPU.Build.0 = Debug|Any CPU
		{107D34E1-306B-4AE1-97F5-D74A47752995}.Release|Any CPU.ActiveCfg = Release|Any CPU
		{107D34E1-306B-4AE1-97F5-D74A47752995}.Release|Any CPU.Build.0 = Release|Any CPU
	EndGlobalSection
	GlobalSection(SolutionProperties) = preSolution
		HideSolutionNode = FALSE
	EndGlobalSection
	GlobalSection(ExtensibilityGlobals) = postSolution
		SolutionGuid = {552417CB-7BE8-4839-9701-93AD1F5C5DFD}
	EndGlobalSection
EndGlobal
