
Microsoft Visual Studio Solution File, Format Version 12.00
# Visual Studio Version 17
VisualStudioVersion = 17.3.32901.215
MinimumVisualStudioVersion = 10.0.40219.1
Project("{FAE04EC0-301F-11D3-BF4B-00C04F79EFBC}") = "Ese001CompitoVet", "Ese001CompitoVet\Ese001CompitoVet.csproj", "{CEE22A7C-D866-4553-AD59-C0E223500F7B}"
EndProject
Global
	GlobalSection(SolutionConfigurationPlatforms) = preSolution
		Debug|Any CPU = Debug|Any CPU
		Release|Any CPU = Release|Any CPU
	EndGlobalSection
	GlobalSection(ProjectConfigurationPlatforms) = postSolution
		{CEE22A7C-D866-4553-AD59-C0E223500F7B}.Debug|Any CPU.ActiveCfg = Debug|Any CPU
		{CEE22A7C-D866-4553-AD59-C0E223500F7B}.Debug|Any CPU.Build.0 = Debug|Any CPU
		{CEE22A7C-D866-4553-AD59-C0E223500F7B}.Release|Any CPU.ActiveCfg = Release|Any CPU
		{CEE22A7C-D866-4553-AD59-C0E223500F7B}.Release|Any CPU.Build.0 = Release|Any CPU
	EndGlobalSection
	GlobalSection(SolutionProperties) = preSolution
		HideSolutionNode = FALSE
	EndGlobalSection
	GlobalSection(ExtensibilityGlobals) = postSolution
		SolutionGuid = {908E2FD2-25CB-42D0-9412-E095445FAC02}
	EndGlobalSection
EndGlobal
