
Microsoft Visual Studio Solution File, Format Version 12.00
# Visual Studio Version 17
VisualStudioVersion = 17.11.35312.102
MinimumVisualStudioVersion = 10.0.40219.1
Project("{FAE04EC0-301F-11D3-BF4B-00C04F79EFBC}") = "Ese_66_Pag_86", "Ese_66_Pag_86\Ese_66_Pag_86.csproj", "{27559F6F-F4C7-4330-873E-0EFC18B24D27}"
EndProject
Global
	GlobalSection(SolutionConfigurationPlatforms) = preSolution
		Debug|Any CPU = Debug|Any CPU
		Release|Any CPU = Release|Any CPU
	EndGlobalSection
	GlobalSection(ProjectConfigurationPlatforms) = postSolution
		{27559F6F-F4C7-4330-873E-0EFC18B24D27}.Debug|Any CPU.ActiveCfg = Debug|Any CPU
		{27559F6F-F4C7-4330-873E-0EFC18B24D27}.Debug|Any CPU.Build.0 = Debug|Any CPU
		{27559F6F-F4C7-4330-873E-0EFC18B24D27}.Release|Any CPU.ActiveCfg = Release|Any CPU
		{27559F6F-F4C7-4330-873E-0EFC18B24D27}.Release|Any CPU.Build.0 = Release|Any CPU
	EndGlobalSection
	GlobalSection(SolutionProperties) = preSolution
		HideSolutionNode = FALSE
	EndGlobalSection
	GlobalSection(ExtensibilityGlobals) = postSolution
		SolutionGuid = {78ED4B63-BAFB-4887-8943-2DF93AB891F0}
	EndGlobalSection
EndGlobal
