
Microsoft Visual Studio Solution File, Format Version 12.00
# Visual Studio Version 17
VisualStudioVersion = 17.14.36221.1 d17.14
MinimumVisualStudioVersion = 10.0.40219.1
Project("{FAE04EC0-301F-11D3-BF4B-00C04F79EFBC}") = "Es Vacanze 3", "Es Vacanze 3\Es Vacanze 3.csproj", "{5A859140-B37C-4D69-8363-392ECAA9F6AD}"
EndProject
Global
	GlobalSection(SolutionConfigurationPlatforms) = preSolution
		Debug|Any CPU = Debug|Any CPU
		Release|Any CPU = Release|Any CPU
	EndGlobalSection
	GlobalSection(ProjectConfigurationPlatforms) = postSolution
		{5A859140-B37C-4D69-8363-392ECAA9F6AD}.Debug|Any CPU.ActiveCfg = Debug|Any CPU
		{5A859140-B37C-4D69-8363-392ECAA9F6AD}.Debug|Any CPU.Build.0 = Debug|Any CPU
		{5A859140-B37C-4D69-8363-392ECAA9F6AD}.Release|Any CPU.ActiveCfg = Release|Any CPU
		{5A859140-B37C-4D69-8363-392ECAA9F6AD}.Release|Any CPU.Build.0 = Release|Any CPU
	EndGlobalSection
	GlobalSection(SolutionProperties) = preSolution
		HideSolutionNode = FALSE
	EndGlobalSection
	GlobalSection(ExtensibilityGlobals) = postSolution
		SolutionGuid = {6CE69B04-47C7-4B2C-9953-F6A7425551FD}
	EndGlobalSection
EndGlobal
