
Microsoft Visual Studio Solution File, Format Version 12.00
# Visual Studio Version 17
VisualStudioVersion = 17.7.34221.43
MinimumVisualStudioVersion = 10.0.40219.1
Project("{FAE04EC0-301F-11D3-BF4B-00C04F79EFBC}") = "Menu", "Menu\Menu.csproj", "{67980501-8D88-4268-8EC5-E11B68DB5138}"
EndProject
Global
	GlobalSection(SolutionConfigurationPlatforms) = preSolution
		Debug|Any CPU = Debug|Any CPU
		Release|Any CPU = Release|Any CPU
	EndGlobalSection
	GlobalSection(ProjectConfigurationPlatforms) = postSolution
		{67980501-8D88-4268-8EC5-E11B68DB5138}.Debug|Any CPU.ActiveCfg = Debug|Any CPU
		{67980501-8D88-4268-8EC5-E11B68DB5138}.Debug|Any CPU.Build.0 = Debug|Any CPU
		{67980501-8D88-4268-8EC5-E11B68DB5138}.Release|Any CPU.ActiveCfg = Release|Any CPU
		{67980501-8D88-4268-8EC5-E11B68DB5138}.Release|Any CPU.Build.0 = Release|Any CPU
	EndGlobalSection
	GlobalSection(SolutionProperties) = preSolution
		HideSolutionNode = FALSE
	EndGlobalSection
	GlobalSection(ExtensibilityGlobals) = postSolution
		SolutionGuid = {A083B06A-E50F-4B77-A657-6B986ABFA833}
	EndGlobalSection
EndGlobal
