
Microsoft Visual Studio Solution File, Format Version 12.00
# Visual Studio Version 17
VisualStudioVersion = 17.11.35303.130
MinimumVisualStudioVersion = 10.0.40219.1
Project("{FAE04EC0-301F-11D3-BF4B-00C04F79EFBC}") = "Ese002Compito", "Ese002Compito\Ese002Compito.csproj", "{5BF59937-265D-4A96-857A-BC67BD147671}"
EndProject
Global
	GlobalSection(SolutionConfigurationPlatforms) = preSolution
		Debug|Any CPU = Debug|Any CPU
		Release|Any CPU = Release|Any CPU
	EndGlobalSection
	GlobalSection(ProjectConfigurationPlatforms) = postSolution
		{5BF59937-265D-4A96-857A-BC67BD147671}.Debug|Any CPU.ActiveCfg = Debug|Any CPU
		{5BF59937-265D-4A96-857A-BC67BD147671}.Debug|Any CPU.Build.0 = Debug|Any CPU
		{5BF59937-265D-4A96-857A-BC67BD147671}.Release|Any CPU.ActiveCfg = Release|Any CPU
		{5BF59937-265D-4A96-857A-BC67BD147671}.Release|Any CPU.Build.0 = Release|Any CPU
	EndGlobalSection
	GlobalSection(SolutionProperties) = preSolution
		HideSolutionNode = FALSE
	EndGlobalSection
	GlobalSection(ExtensibilityGlobals) = postSolution
		SolutionGuid = {F738E594-D58F-43C5-A684-50754A2AAB7C}
	EndGlobalSection
EndGlobal
