
Microsoft Visual Studio Solution File, Format Version 12.00
# Visual Studio Version 17
VisualStudioVersion = 17.14.36603.0 d17.14
MinimumVisualStudioVersion = 10.0.40219.1
Project("{FAE04EC0-301F-11D3-BF4B-00C04F79EFBC}") = "GestioneVeicoli", "GestioneVeicoli\GestioneVeicoli.csproj", "{5D4D3AEB-7CD7-46D0-89E0-3EC4DE90EA00}"
EndProject
Global
	GlobalSection(SolutionConfigurationPlatforms) = preSolution
		Debug|Any CPU = Debug|Any CPU
		Release|Any CPU = Release|Any CPU
	EndGlobalSection
	GlobalSection(ProjectConfigurationPlatforms) = postSolution
		{5D4D3AEB-7CD7-46D0-89E0-3EC4DE90EA00}.Debug|Any CPU.ActiveCfg = Debug|Any CPU
		{5D4D3AEB-7CD7-46D0-89E0-3EC4DE90EA00}.Debug|Any CPU.Build.0 = Debug|Any CPU
		{5D4D3AEB-7CD7-46D0-89E0-3EC4DE90EA00}.Release|Any CPU.ActiveCfg = Release|Any CPU
		{5D4D3AEB-7CD7-46D0-89E0-3EC4DE90EA00}.Release|Any CPU.Build.0 = Release|Any CPU
	EndGlobalSection
	GlobalSection(SolutionProperties) = preSolution
		HideSolutionNode = FALSE
	EndGlobalSection
	GlobalSection(ExtensibilityGlobals) = postSolution
		SolutionGuid = {B3C0C2BE-9BF8-43AC-8DEA-151AD7A23B6E}
	EndGlobalSection
EndGlobal
