
Microsoft Visual Studio Solution File, Format Version 12.00
# Visual Studio Version 17
VisualStudioVersion = 17.14.36121.58 d17.14
MinimumVisualStudioVersion = 10.0.40219.1
Project("{FAE04EC0-301F-11D3-BF4B-00C04F79EFBC}") = "Es_modulo_7", "Es_modulo_7\Es_modulo_7.csproj", "{A2E5B3BC-128F-4203-845A-F1E7E5BB654E}"
EndProject
Global
	GlobalSection(SolutionConfigurationPlatforms) = preSolution
		Debug|Any CPU = Debug|Any CPU
		Release|Any CPU = Release|Any CPU
	EndGlobalSection
	GlobalSection(ProjectConfigurationPlatforms) = postSolution
		{A2E5B3BC-128F-4203-845A-F1E7E5BB654E}.Debug|Any CPU.ActiveCfg = Debug|Any CPU
		{A2E5B3BC-128F-4203-845A-F1E7E5BB654E}.Debug|Any CPU.Build.0 = Debug|Any CPU
		{A2E5B3BC-128F-4203-845A-F1E7E5BB654E}.Release|Any CPU.ActiveCfg = Release|Any CPU
		{A2E5B3BC-128F-4203-845A-F1E7E5BB654E}.Release|Any CPU.Build.0 = Release|Any CPU
	EndGlobalSection
	GlobalSection(SolutionProperties) = preSolution
		HideSolutionNode = FALSE
	EndGlobalSection
	GlobalSection(ExtensibilityGlobals) = postSolution
		SolutionGuid = {E7938DED-9079-4EA6-90CA-BE7C684C9885}
	EndGlobalSection
EndGlobal
