
Microsoft Visual Studio Solution File, Format Version 12.00
# Visual Studio Version 17
VisualStudioVersion = 17.11.35303.130
MinimumVisualStudioVersion = 10.0.40219.1
Project("{FAE04EC0-301F-11D3-BF4B-00C04F79EFBC}") = "Ese_36_Pag_85", "Ese_36_Pag_85\Ese_36_Pag_85.csproj", "{AE6E71FA-1F64-4591-9792-8E95E655E913}"
EndProject
Global
	GlobalSection(SolutionConfigurationPlatforms) = preSolution
		Debug|Any CPU = Debug|Any CPU
		Release|Any CPU = Release|Any CPU
	EndGlobalSection
	GlobalSection(ProjectConfigurationPlatforms) = postSolution
		{AE6E71FA-1F64-4591-9792-8E95E655E913}.Debug|Any CPU.ActiveCfg = Debug|Any CPU
		{AE6E71FA-1F64-4591-9792-8E95E655E913}.Debug|Any CPU.Build.0 = Debug|Any CPU
		{AE6E71FA-1F64-4591-9792-8E95E655E913}.Release|Any CPU.ActiveCfg = Release|Any CPU
		{AE6E71FA-1F64-4591-9792-8E95E655E913}.Release|Any CPU.Build.0 = Release|Any CPU
	EndGlobalSection
	GlobalSection(SolutionProperties) = preSolution
		HideSolutionNode = FALSE
	EndGlobalSection
	GlobalSection(ExtensibilityGlobals) = postSolution
		SolutionGuid = {637A50FB-24F8-4829-BE9D-4D13B495E2AA}
	EndGlobalSection
EndGlobal
