
Microsoft Visual Studio Solution File, Format Version 12.00
# Visual Studio Version 17
VisualStudioVersion = 17.11.35303.130
MinimumVisualStudioVersion = 10.0.40219.1
Project("{FAE04EC0-301F-11D3-BF4B-00C04F79EFBC}") = "Ese_43_Pag_85", "Ese_43_Pag_85\Ese_43_Pag_85.csproj", "{34A2223E-B349-4C75-BF02-4D963DE4FE95}"
EndProject
Global
	GlobalSection(SolutionConfigurationPlatforms) = preSolution
		Debug|Any CPU = Debug|Any CPU
		Release|Any CPU = Release|Any CPU
	EndGlobalSection
	GlobalSection(ProjectConfigurationPlatforms) = postSolution
		{34A2223E-B349-4C75-BF02-4D963DE4FE95}.Debug|Any CPU.ActiveCfg = Debug|Any CPU
		{34A2223E-B349-4C75-BF02-4D963DE4FE95}.Debug|Any CPU.Build.0 = Debug|Any CPU
		{34A2223E-B349-4C75-BF02-4D963DE4FE95}.Release|Any CPU.ActiveCfg = Release|Any CPU
		{34A2223E-B349-4C75-BF02-4D963DE4FE95}.Release|Any CPU.Build.0 = Release|Any CPU
	EndGlobalSection
	GlobalSection(SolutionProperties) = preSolution
		HideSolutionNode = FALSE
	EndGlobalSection
	GlobalSection(ExtensibilityGlobals) = postSolution
		SolutionGuid = {F679000D-2BBC-40D3-8001-A522947FEBA9}
	EndGlobalSection
EndGlobal
