
Microsoft Visual Studio Solution File, Format Version 12.00
# Visual Studio Version 17
VisualStudioVersion = 17.11.35312.102
MinimumVisualStudioVersion = 10.0.40219.1
Project("{FAE04EC0-301F-11D3-BF4B-00C04F79EFBC}") = "Algoritmo_di_Fusione", "Algoritmo_di_Fusione\Algoritmo_di_Fusione.csproj", "{2DA21062-E95E-433C-8B50-B084F7CB156B}"
EndProject
Global
	GlobalSection(SolutionConfigurationPlatforms) = preSolution
		Debug|Any CPU = Debug|Any CPU
		Release|Any CPU = Release|Any CPU
	EndGlobalSection
	GlobalSection(ProjectConfigurationPlatforms) = postSolution
		{2DA21062-E95E-433C-8B50-B084F7CB156B}.Debug|Any CPU.ActiveCfg = Debug|Any CPU
		{2DA21062-E95E-433C-8B50-B084F7CB156B}.Debug|Any CPU.Build.0 = Debug|Any CPU
		{2DA21062-E95E-433C-8B50-B084F7CB156B}.Release|Any CPU.ActiveCfg = Release|Any CPU
		{2DA21062-E95E-433C-8B50-B084F7CB156B}.Release|Any CPU.Build.0 = Release|Any CPU
	EndGlobalSection
	GlobalSection(SolutionProperties) = preSolution
		HideSolutionNode = FALSE
	EndGlobalSection
	GlobalSection(ExtensibilityGlobals) = postSolution
		SolutionGuid = {E08FDAB8-E578-4BE1-840B-3551DD267ACA}
	EndGlobalSection
EndGlobal
