
Microsoft Visual Studio Solution File, Format Version 12.00
# Visual Studio Version 17
VisualStudioVersion = 17.7.34221.43
MinimumVisualStudioVersion = 10.0.40219.1
Project("{FAE04EC0-301F-11D3-BF4B-00C04F79EFBC}") = "Olivero_Pietro", "Olivero_Pietro\Olivero_Pietro.csproj", "{D6F912B4-CD8C-4EDF-A3A9-60F61A2140B6}"
EndProject
Global
	GlobalSection(SolutionConfigurationPlatforms) = preSolution
		Debug|Any CPU = Debug|Any CPU
		Release|Any CPU = Release|Any CPU
	EndGlobalSection
	GlobalSection(ProjectConfigurationPlatforms) = postSolution
		{D6F912B4-CD8C-4EDF-A3A9-60F61A2140B6}.Debug|Any CPU.ActiveCfg = Debug|Any CPU
		{D6F912B4-CD8C-4EDF-A3A9-60F61A2140B6}.Debug|Any CPU.Build.0 = Debug|Any CPU
		{D6F912B4-CD8C-4EDF-A3A9-60F61A2140B6}.Release|Any CPU.ActiveCfg = Release|Any CPU
		{D6F912B4-CD8C-4EDF-A3A9-60F61A2140B6}.Release|Any CPU.Build.0 = Release|Any CPU
	EndGlobalSection
	GlobalSection(SolutionProperties) = preSolution
		HideSolutionNode = FALSE
	EndGlobalSection
	GlobalSection(ExtensibilityGlobals) = postSolution
		SolutionGuid = {039D9D65-28D7-4D02-8852-16599DABBCA2}
	EndGlobalSection
EndGlobal
