
Microsoft Visual Studio Solution File, Format Version 12.00
# Visual Studio Version 17
VisualStudioVersion = 17.3.32901.215
MinimumVisualStudioVersion = 10.0.40219.1
Project("{FAE04EC0-301F-11D3-BF4B-00C04F79EFBC}") = "Ese24_pag84", "Ese24_pag84\Ese24_pag84.csproj", "{0577B403-908D-45EF-9208-112C45B20739}"
EndProject
Global
	GlobalSection(SolutionConfigurationPlatforms) = preSolution
		Debug|Any CPU = Debug|Any CPU
		Release|Any CPU = Release|Any CPU
	EndGlobalSection
	GlobalSection(ProjectConfigurationPlatforms) = postSolution
		{0577B403-908D-45EF-9208-112C45B20739}.Debug|Any CPU.ActiveCfg = Debug|Any CPU
		{0577B403-908D-45EF-9208-112C45B20739}.Debug|Any CPU.Build.0 = Debug|Any CPU
		{0577B403-908D-45EF-9208-112C45B20739}.Release|Any CPU.ActiveCfg = Release|Any CPU
		{0577B403-908D-45EF-9208-112C45B20739}.Release|Any CPU.Build.0 = Release|Any CPU
	EndGlobalSection
	GlobalSection(SolutionProperties) = preSolution
		HideSolutionNode = FALSE
	EndGlobalSection
	GlobalSection(ExtensibilityGlobals) = postSolution
		SolutionGuid = {499A0266-3FF6-4130-BD56-9807DD7719F3}
	EndGlobalSection
EndGlobal
