
Microsoft Visual Studio Solution File, Format Version 12.00
# Visual Studio Version 17
VisualStudioVersion = 17.3.32901.215
MinimumVisualStudioVersion = 10.0.40219.1
Project("{FAE04EC0-301F-11D3-BF4B-00C04F79EFBC}") = "WindForm01", "WindForm01\WindForm01.csproj", "{A5E30B50-1612-4E2A-A521-0EEC5D13925C}"
EndProject
Global
	GlobalSection(SolutionConfigurationPlatforms) = preSolution
		Debug|Any CPU = Debug|Any CPU
		Release|Any CPU = Release|Any CPU
	EndGlobalSection
	GlobalSection(ProjectConfigurationPlatforms) = postSolution
		{A5E30B50-1612-4E2A-A521-0EEC5D13925C}.Debug|Any CPU.ActiveCfg = Debug|Any CPU
		{A5E30B50-1612-4E2A-A521-0EEC5D13925C}.Debug|Any CPU.Build.0 = Debug|Any CPU
		{A5E30B50-1612-4E2A-A521-0EEC5D13925C}.Release|Any CPU.ActiveCfg = Release|Any CPU
		{A5E30B50-1612-4E2A-A521-0EEC5D13925C}.Release|Any CPU.Build.0 = Release|Any CPU
	EndGlobalSection
	GlobalSection(SolutionProperties) = preSolution
		HideSolutionNode = FALSE
	EndGlobalSection
	GlobalSection(ExtensibilityGlobals) = postSolution
		SolutionGuid = {49640A3D-A42D-446C-A569-BC3848B46C8D}
	EndGlobalSection
EndGlobal
