
Microsoft Visual Studio Solution File, Format Version 12.00
# Visual Studio Version 16
VisualStudioVersion = 16.0.29411.108
MinimumVisualStudioVersion = 10.0.40219.1
Project("{FAE04EC0-301F-11D3-BF4B-00C04F79EFBC}") = "es_abbonamento", "es_abbonamento\es_abbonamento.csproj", "{D89DF504-9BCC-4BB4-91B6-D6E98AD7C505}"
EndProject
Global
	GlobalSection(SolutionConfigurationPlatforms) = preSolution
		Debug|Any CPU = Debug|Any CPU
		Release|Any CPU = Release|Any CPU
	EndGlobalSection
	GlobalSection(ProjectConfigurationPlatforms) = postSolution
		{D89DF504-9BCC-4BB4-91B6-D6E98AD7C505}.Debug|Any CPU.ActiveCfg = Debug|Any CPU
		{D89DF504-9BCC-4BB4-91B6-D6E98AD7C505}.Debug|Any CPU.Build.0 = Debug|Any CPU
		{D89DF504-9BCC-4BB4-91B6-D6E98AD7C505}.Release|Any CPU.ActiveCfg = Release|Any CPU
		{D89DF504-9BCC-4BB4-91B6-D6E98AD7C505}.Release|Any CPU.Build.0 = Release|Any CPU
	EndGlobalSection
	GlobalSection(SolutionProperties) = preSolution
		HideSolutionNode = FALSE
	EndGlobalSection
	GlobalSection(ExtensibilityGlobals) = postSolution
		SolutionGuid = {EAA6D39B-EBFF-4227-92F0-E1B324FCE481}
	EndGlobalSection
EndGlobal
