
Microsoft Visual Studio Solution File, Format Version 12.00
# Visual Studio Version 17
VisualStudioVersion = 17.11.35303.130
MinimumVisualStudioVersion = 10.0.40219.1
Project("{FAE04EC0-301F-11D3-BF4B-00C04F79EFBC}") = "Ese25_Pag85", "Ese25_Pag85\Ese25_Pag85.csproj", "{B77037C1-1A46-44F6-9DA0-D9E24650AD1C}"
EndProject
Global
	GlobalSection(SolutionConfigurationPlatforms) = preSolution
		Debug|Any CPU = Debug|Any CPU
		Release|Any CPU = Release|Any CPU
	EndGlobalSection
	GlobalSection(ProjectConfigurationPlatforms) = postSolution
		{B77037C1-1A46-44F6-9DA0-D9E24650AD1C}.Debug|Any CPU.ActiveCfg = Debug|Any CPU
		{B77037C1-1A46-44F6-9DA0-D9E24650AD1C}.Debug|Any CPU.Build.0 = Debug|Any CPU
		{B77037C1-1A46-44F6-9DA0-D9E24650AD1C}.Release|Any CPU.ActiveCfg = Release|Any CPU
		{B77037C1-1A46-44F6-9DA0-D9E24650AD1C}.Release|Any CPU.Build.0 = Release|Any CPU
	EndGlobalSection
	GlobalSection(SolutionProperties) = preSolution
		HideSolutionNode = FALSE
	EndGlobalSection
	GlobalSection(ExtensibilityGlobals) = postSolution
		SolutionGuid = {03FE947B-7C95-4350-9D60-7603477BE794}
	EndGlobalSection
EndGlobal
