
Microsoft Visual Studio Solution File, Format Version 12.00
# Visual Studio Version 17
VisualStudioVersion = 17.7.34221.43
MinimumVisualStudioVersion = 10.0.40219.1
Project("{FAE04EC0-301F-11D3-BF4B-00C04F79EFBC}") = "Interfacce 2", "Interfacce 2\Interfacce 2.csproj", "{FFF2394D-0B23-4EC4-8A4B-98DB59E58B19}"
EndProject
Global
	GlobalSection(SolutionConfigurationPlatforms) = preSolution
		Debug|Any CPU = Debug|Any CPU
		Release|Any CPU = Release|Any CPU
	EndGlobalSection
	GlobalSection(ProjectConfigurationPlatforms) = postSolution
		{FFF2394D-0B23-4EC4-8A4B-98DB59E58B19}.Debug|Any CPU.ActiveCfg = Debug|Any CPU
		{FFF2394D-0B23-4EC4-8A4B-98DB59E58B19}.Debug|Any CPU.Build.0 = Debug|Any CPU
		{FFF2394D-0B23-4EC4-8A4B-98DB59E58B19}.Release|Any CPU.ActiveCfg = Release|Any CPU
		{FFF2394D-0B23-4EC4-8A4B-98DB59E58B19}.Release|Any CPU.Build.0 = Release|Any CPU
	EndGlobalSection
	GlobalSection(SolutionProperties) = preSolution
		HideSolutionNode = FALSE
	EndGlobalSection
	GlobalSection(ExtensibilityGlobals) = postSolution
		SolutionGuid = {91D2CDDF-3EEC-4889-9695-B9DC83B865BD}
	EndGlobalSection
EndGlobal
