
Microsoft Visual Studio Solution File, Format Version 12.00
# Visual Studio Version 17
VisualStudioVersion = 17.3.32901.215
MinimumVisualStudioVersion = 10.0.40219.1
Project("{FAE04EC0-301F-11D3-BF4B-00C04F79EFBC}") = "Valore_Max_Ricorsione", "Valore_Max_Ricorsione\Valore_Max_Ricorsione.csproj", "{B177AF68-5DDB-460D-A8C1-03990C459354}"
EndProject
Global
	GlobalSection(SolutionConfigurationPlatforms) = preSolution
		Debug|Any CPU = Debug|Any CPU
		Release|Any CPU = Release|Any CPU
	EndGlobalSection
	GlobalSection(ProjectConfigurationPlatforms) = postSolution
		{B177AF68-5DDB-460D-A8C1-03990C459354}.Debug|Any CPU.ActiveCfg = Debug|Any CPU
		{B177AF68-5DDB-460D-A8C1-03990C459354}.Debug|Any CPU.Build.0 = Debug|Any CPU
		{B177AF68-5DDB-460D-A8C1-03990C459354}.Release|Any CPU.ActiveCfg = Release|Any CPU
		{B177AF68-5DDB-460D-A8C1-03990C459354}.Release|Any CPU.Build.0 = Release|Any CPU
	EndGlobalSection
	GlobalSection(SolutionProperties) = preSolution
		HideSolutionNode = FALSE
	EndGlobalSection
	GlobalSection(ExtensibilityGlobals) = postSolution
		SolutionGuid = {A79A5B4A-A690-4417-ADFE-4296F394286C}
	EndGlobalSection
EndGlobal
