
Microsoft Visual Studio Solution File, Format Version 12.00
# Visual Studio Version 17
VisualStudioVersion = 17.7.34221.43
MinimumVisualStudioVersion = 10.0.40219.1
Project("{FAE04EC0-301F-11D3-BF4B-00C04F79EFBC}") = "Es OOP _ lupo mannaro", "Es OOP _ lupo mannaro\Es OOP _ lupo mannaro.csproj", "{FFC1B2E4-AED4-4F8A-BA00-CFE2788BAC3B}"
EndProject
Global
	GlobalSection(SolutionConfigurationPlatforms) = preSolution
		Debug|Any CPU = Debug|Any CPU
		Release|Any CPU = Release|Any CPU
	EndGlobalSection
	GlobalSection(ProjectConfigurationPlatforms) = postSolution
		{FFC1B2E4-AED4-4F8A-BA00-CFE2788BAC3B}.Debug|Any CPU.ActiveCfg = Debug|Any CPU
		{FFC1B2E4-AED4-4F8A-BA00-CFE2788BAC3B}.Debug|Any CPU.Build.0 = Debug|Any CPU
		{FFC1B2E4-AED4-4F8A-BA00-CFE2788BAC3B}.Release|Any CPU.ActiveCfg = Release|Any CPU
		{FFC1B2E4-AED4-4F8A-BA00-CFE2788BAC3B}.Release|Any CPU.Build.0 = Release|Any CPU
	EndGlobalSection
	GlobalSection(SolutionProperties) = preSolution
		HideSolutionNode = FALSE
	EndGlobalSection
	GlobalSection(ExtensibilityGlobals) = postSolution
		SolutionGuid = {18B71DB8-FC31-49D6-8B0E-B5CD21AFA3EB}
	EndGlobalSection
EndGlobal
