
Microsoft Visual Studio Solution File, Format Version 12.00
# Visual Studio Version 17
VisualStudioVersion = 17.3.32901.215
MinimumVisualStudioVersion = 10.0.40219.1
Project("{FAE04EC0-301F-11D3-BF4B-00C04F79EFBC}") = "es 57 pag 86", "es 57 pag 86.csproj", "{20F9B6AC-F8C6-49CF-93F7-EFACA5652FB5}"
EndProject
Global
	GlobalSection(SolutionConfigurationPlatforms) = preSolution
		Debug|Any CPU = Debug|Any CPU
		Release|Any CPU = Release|Any CPU
	EndGlobalSection
	GlobalSection(ProjectConfigurationPlatforms) = postSolution
		{20F9B6AC-F8C6-49CF-93F7-EFACA5652FB5}.Debug|Any CPU.ActiveCfg = Debug|Any CPU
		{20F9B6AC-F8C6-49CF-93F7-EFACA5652FB5}.Debug|Any CPU.Build.0 = Debug|Any CPU
		{20F9B6AC-F8C6-49CF-93F7-EFACA5652FB5}.Release|Any CPU.ActiveCfg = Release|Any CPU
		{20F9B6AC-F8C6-49CF-93F7-EFACA5652FB5}.Release|Any CPU.Build.0 = Release|Any CPU
	EndGlobalSection
	GlobalSection(SolutionProperties) = preSolution
		HideSolutionNode = FALSE
	EndGlobalSection
	GlobalSection(ExtensibilityGlobals) = postSolution
		SolutionGuid = {2B29718F-0BBB-47B8-865A-FAFF4C6E16E2}
	EndGlobalSection
EndGlobal
