
Microsoft Visual Studio Solution File, Format Version 12.00
# Visual Studio Version 17
VisualStudioVersion = 17.11.35303.130
MinimumVisualStudioVersion = 10.0.40219.1
Project("{FAE04EC0-301F-11D3-BF4B-00C04F79EFBC}") = "Ese_4_Pag_115", "Ese_4_Pag_115\Ese_4_Pag_115.csproj", "{9FA4C4D6-C3C8-4EFB-AAED-03B1371D9105}"
EndProject
Global
	GlobalSection(SolutionConfigurationPlatforms) = preSolution
		Debug|Any CPU = Debug|Any CPU
		Release|Any CPU = Release|Any CPU
	EndGlobalSection
	GlobalSection(ProjectConfigurationPlatforms) = postSolution
		{9FA4C4D6-C3C8-4EFB-AAED-03B1371D9105}.Debug|Any CPU.ActiveCfg = Debug|Any CPU
		{9FA4C4D6-C3C8-4EFB-AAED-03B1371D9105}.Debug|Any CPU.Build.0 = Debug|Any CPU
		{9FA4C4D6-C3C8-4EFB-AAED-03B1371D9105}.Release|Any CPU.ActiveCfg = Release|Any CPU
		{9FA4C4D6-C3C8-4EFB-AAED-03B1371D9105}.Release|Any CPU.Build.0 = Release|Any CPU
	EndGlobalSection
	GlobalSection(SolutionProperties) = preSolution
		HideSolutionNode = FALSE
	EndGlobalSection
	GlobalSection(ExtensibilityGlobals) = postSolution
		SolutionGuid = {587B0D3B-1E57-4AB0-B5C8-CDF57F5218E3}
	EndGlobalSection
EndGlobal
