
Microsoft Visual Studio Solution File, Format Version 12.00
# Visual Studio Version 17
VisualStudioVersion = 17.11.35303.130
MinimumVisualStudioVersion = 10.0.40219.1
Project("{FAE04EC0-301F-11D3-BF4B-00C04F79EFBC}") = "Ese_37_Pag_85", "Ese_37_Pag_85\Ese_37_Pag_85.csproj", "{D1AC037C-FA95-4720-9899-03B8793AE80F}"
EndProject
Global
	GlobalSection(SolutionConfigurationPlatforms) = preSolution
		Debug|Any CPU = Debug|Any CPU
		Release|Any CPU = Release|Any CPU
	EndGlobalSection
	GlobalSection(ProjectConfigurationPlatforms) = postSolution
		{D1AC037C-FA95-4720-9899-03B8793AE80F}.Debug|Any CPU.ActiveCfg = Debug|Any CPU
		{D1AC037C-FA95-4720-9899-03B8793AE80F}.Debug|Any CPU.Build.0 = Debug|Any CPU
		{D1AC037C-FA95-4720-9899-03B8793AE80F}.Release|Any CPU.ActiveCfg = Release|Any CPU
		{D1AC037C-FA95-4720-9899-03B8793AE80F}.Release|Any CPU.Build.0 = Release|Any CPU
	EndGlobalSection
	GlobalSection(SolutionProperties) = preSolution
		HideSolutionNode = FALSE
	EndGlobalSection
	GlobalSection(ExtensibilityGlobals) = postSolution
		SolutionGuid = {6C1AF845-4567-48E4-9BF5-D91FC3BE4107}
	EndGlobalSection
EndGlobal
