
Microsoft Visual Studio Solution File, Format Version 12.00
# Visual Studio Version 17
VisualStudioVersion = 17.14.36121.58 d17.14
MinimumVisualStudioVersion = 10.0.40219.1
Project("{FAE04EC0-301F-11D3-BF4B-00C04F79EFBC}") = "Costrut statico-variabili statiche", "Costrut statico-variabili statiche\Costrut statico-variabili statiche.csproj", "{F1AE0797-708B-419E-B6CB-034AEA8ABAA4}"
EndProject
Global
	GlobalSection(SolutionConfigurationPlatforms) = preSolution
		Debug|Any CPU = Debug|Any CPU
		Release|Any CPU = Release|Any CPU
	EndGlobalSection
	GlobalSection(ProjectConfigurationPlatforms) = postSolution
		{F1AE0797-708B-419E-B6CB-034AEA8ABAA4}.Debug|Any CPU.ActiveCfg = Debug|Any CPU
		{F1AE0797-708B-419E-B6CB-034AEA8ABAA4}.Debug|Any CPU.Build.0 = Debug|Any CPU
		{F1AE0797-708B-419E-B6CB-034AEA8ABAA4}.Release|Any CPU.ActiveCfg = Release|Any CPU
		{F1AE0797-708B-419E-B6CB-034AEA8ABAA4}.Release|Any CPU.Build.0 = Release|Any CPU
	EndGlobalSection
	GlobalSection(SolutionProperties) = preSolution
		HideSolutionNode = FALSE
	EndGlobalSection
	GlobalSection(ExtensibilityGlobals) = postSolution
		SolutionGuid = {C9BA0EC1-2F37-4A02-8D7B-55F682FD40E9}
	EndGlobalSection
EndGlobal
