
Microsoft Visual Studio Solution File, Format Version 12.00
# Visual Studio Version 17
VisualStudioVersion = 17.7.34221.43
MinimumVisualStudioVersion = 10.0.40219.1
Project("{FAE04EC0-301F-11D3-BF4B-00C04F79EFBC}") = "Olivero_Pietro", "Olivero_Pietro\Olivero_Pietro.csproj", "{2B362BC9-4EDE-4E69-9944-470E1CDBF243}"
EndProject
Global
	GlobalSection(SolutionConfigurationPlatforms) = preSolution
		Debug|Any CPU = Debug|Any CPU
		Release|Any CPU = Release|Any CPU
	EndGlobalSection
	GlobalSection(ProjectConfigurationPlatforms) = postSolution
		{2B362BC9-4EDE-4E69-9944-470E1CDBF243}.Debug|Any CPU.ActiveCfg = Debug|Any CPU
		{2B362BC9-4EDE-4E69-9944-470E1CDBF243}.Debug|Any CPU.Build.0 = Debug|Any CPU
		{2B362BC9-4EDE-4E69-9944-470E1CDBF243}.Release|Any CPU.ActiveCfg = Release|Any CPU
		{2B362BC9-4EDE-4E69-9944-470E1CDBF243}.Release|Any CPU.Build.0 = Release|Any CPU
	EndGlobalSection
	GlobalSection(SolutionProperties) = preSolution
		HideSolutionNode = FALSE
	EndGlobalSection
	GlobalSection(ExtensibilityGlobals) = postSolution
		SolutionGuid = {29065B23-DEFC-45FB-BB3E-468F9AF9E2C7}
	EndGlobalSection
EndGlobal
