
Microsoft Visual Studio Solution File, Format Version 12.00
# Visual Studio Version 17
VisualStudioVersion = 17.7.34221.43
MinimumVisualStudioVersion = 10.0.40219.1
Project("{FAE04EC0-301F-11D3-BF4B-00C04F79EFBC}") = "Simulazione_Verifica", "Simulazione_Verifica\Simulazione_Verifica.csproj", "{64BE0E3A-5560-4B6B-A8A2-5E8ADE47FF10}"
EndProject
Global
	GlobalSection(SolutionConfigurationPlatforms) = preSolution
		Debug|Any CPU = Debug|Any CPU
		Release|Any CPU = Release|Any CPU
	EndGlobalSection
	GlobalSection(ProjectConfigurationPlatforms) = postSolution
		{64BE0E3A-5560-4B6B-A8A2-5E8ADE47FF10}.Debug|Any CPU.ActiveCfg = Debug|Any CPU
		{64BE0E3A-5560-4B6B-A8A2-5E8ADE47FF10}.Debug|Any CPU.Build.0 = Debug|Any CPU
		{64BE0E3A-5560-4B6B-A8A2-5E8ADE47FF10}.Release|Any CPU.ActiveCfg = Release|Any CPU
		{64BE0E3A-5560-4B6B-A8A2-5E8ADE47FF10}.Release|Any CPU.Build.0 = Release|Any CPU
	EndGlobalSection
	GlobalSection(SolutionProperties) = preSolution
		HideSolutionNode = FALSE
	EndGlobalSection
	GlobalSection(ExtensibilityGlobals) = postSolution
		SolutionGuid = {A7A43F9A-7804-4E9E-865F-124597DB4935}
	EndGlobalSection
EndGlobal
