
Microsoft Visual Studio Solution File, Format Version 12.00
# Visual Studio Version 17
VisualStudioVersion = 17.11.35303.130
MinimumVisualStudioVersion = 10.0.40219.1
Project("{FAE04EC0-301F-11D3-BF4B-00C04F79EFBC}") = "Ese26_Pag84", "Ese26_Pag84\Ese26_Pag84.csproj", "{2F380D8A-1702-4CB2-88E6-16E190EB1352}"
EndProject
Global
	GlobalSection(SolutionConfigurationPlatforms) = preSolution
		Debug|Any CPU = Debug|Any CPU
		Release|Any CPU = Release|Any CPU
	EndGlobalSection
	GlobalSection(ProjectConfigurationPlatforms) = postSolution
		{2F380D8A-1702-4CB2-88E6-16E190EB1352}.Debug|Any CPU.ActiveCfg = Debug|Any CPU
		{2F380D8A-1702-4CB2-88E6-16E190EB1352}.Debug|Any CPU.Build.0 = Debug|Any CPU
		{2F380D8A-1702-4CB2-88E6-16E190EB1352}.Release|Any CPU.ActiveCfg = Release|Any CPU
		{2F380D8A-1702-4CB2-88E6-16E190EB1352}.Release|Any CPU.Build.0 = Release|Any CPU
	EndGlobalSection
	GlobalSection(SolutionProperties) = preSolution
		HideSolutionNode = FALSE
	EndGlobalSection
	GlobalSection(ExtensibilityGlobals) = postSolution
		SolutionGuid = {19AD45BA-3477-49E7-BA4A-232ECD65E0E1}
	EndGlobalSection
EndGlobal
