
Microsoft Visual Studio Solution File, Format Version 12.00
# Visual Studio Version 17
VisualStudioVersion = 17.3.32901.215
MinimumVisualStudioVersion = 10.0.40219.1
Project("{FAE04EC0-301F-11D3-BF4B-00C04F79EFBC}") = "Ese_52_Pag_86", "Ese_52_Pag_86\Ese_52_Pag_86.csproj", "{8590B4CC-B7AE-4544-B3CB-79F0922AD1E4}"
EndProject
Global
	GlobalSection(SolutionConfigurationPlatforms) = preSolution
		Debug|Any CPU = Debug|Any CPU
		Release|Any CPU = Release|Any CPU
	EndGlobalSection
	GlobalSection(ProjectConfigurationPlatforms) = postSolution
		{8590B4CC-B7AE-4544-B3CB-79F0922AD1E4}.Debug|Any CPU.ActiveCfg = Debug|Any CPU
		{8590B4CC-B7AE-4544-B3CB-79F0922AD1E4}.Debug|Any CPU.Build.0 = Debug|Any CPU
		{8590B4CC-B7AE-4544-B3CB-79F0922AD1E4}.Release|Any CPU.ActiveCfg = Release|Any CPU
		{8590B4CC-B7AE-4544-B3CB-79F0922AD1E4}.Release|Any CPU.Build.0 = Release|Any CPU
	EndGlobalSection
	GlobalSection(SolutionProperties) = preSolution
		HideSolutionNode = FALSE
	EndGlobalSection
	GlobalSection(ExtensibilityGlobals) = postSolution
		SolutionGuid = {3977C92A-7FBF-4338-9D9E-5359F87B6987}
	EndGlobalSection
EndGlobal
