
Microsoft Visual Studio Solution File, Format Version 12.00
# Visual Studio Version 17
VisualStudioVersion = 17.3.32901.215
MinimumVisualStudioVersion = 10.0.40219.1
Project("{FAE04EC0-301F-11D3-BF4B-00C04F79EFBC}") = "Es_Modulo_1", "Es_Modulo_1\Es_Modulo_1.csproj", "{6C91C7A6-BAC9-40FD-9F5A-2758464287CF}"
EndProject
Global
	GlobalSection(SolutionConfigurationPlatforms) = preSolution
		Debug|Any CPU = Debug|Any CPU
		Release|Any CPU = Release|Any CPU
	EndGlobalSection
	GlobalSection(ProjectConfigurationPlatforms) = postSolution
		{6C91C7A6-BAC9-40FD-9F5A-2758464287CF}.Debug|Any CPU.ActiveCfg = Debug|Any CPU
		{6C91C7A6-BAC9-40FD-9F5A-2758464287CF}.Debug|Any CPU.Build.0 = Debug|Any CPU
		{6C91C7A6-BAC9-40FD-9F5A-2758464287CF}.Release|Any CPU.ActiveCfg = Release|Any CPU
		{6C91C7A6-BAC9-40FD-9F5A-2758464287CF}.Release|Any CPU.Build.0 = Release|Any CPU
	EndGlobalSection
	GlobalSection(SolutionProperties) = preSolution
		HideSolutionNode = FALSE
	EndGlobalSection
	GlobalSection(ExtensibilityGlobals) = postSolution
		SolutionGuid = {2FCF700B-EBE3-4138-ABE0-11F674F3B660}
	EndGlobalSection
EndGlobal
