
Microsoft Visual Studio Solution File, Format Version 12.00
# Visual Studio Version 17
VisualStudioVersion = 17.3.32901.215
MinimumVisualStudioVersion = 10.0.40219.1
Project("{FAE04EC0-301F-11D3-BF4B-00C04F79EFBC}") = "Ese_44_Pag_85", "Ese_44_Pag_85\Ese_44_Pag_85.csproj", "{AE09DCA3-A842-4D74-A678-DA18C5EF811C}"
EndProject
Global
	GlobalSection(SolutionConfigurationPlatforms) = preSolution
		Debug|Any CPU = Debug|Any CPU
		Release|Any CPU = Release|Any CPU
	EndGlobalSection
	GlobalSection(ProjectConfigurationPlatforms) = postSolution
		{AE09DCA3-A842-4D74-A678-DA18C5EF811C}.Debug|Any CPU.ActiveCfg = Debug|Any CPU
		{AE09DCA3-A842-4D74-A678-DA18C5EF811C}.Debug|Any CPU.Build.0 = Debug|Any CPU
		{AE09DCA3-A842-4D74-A678-DA18C5EF811C}.Release|Any CPU.ActiveCfg = Release|Any CPU
		{AE09DCA3-A842-4D74-A678-DA18C5EF811C}.Release|Any CPU.Build.0 = Release|Any CPU
	EndGlobalSection
	GlobalSection(SolutionProperties) = preSolution
		HideSolutionNode = FALSE
	EndGlobalSection
	GlobalSection(ExtensibilityGlobals) = postSolution
		SolutionGuid = {8D12EAAF-1386-4C19-9A93-420DD157D62D}
	EndGlobalSection
EndGlobal
