
Microsoft Visual Studio Solution File, Format Version 12.00
# Visual Studio Version 17
VisualStudioVersion = 17.11.35303.130
MinimumVisualStudioVersion = 10.0.40219.1
Project("{FAE04EC0-301F-11D3-BF4B-00C04F79EFBC}") = "Ese9_Pag84", "Ese9_Pag84\Ese9_Pag84.csproj", "{51ED697B-DD00-4BC8-8922-3D18276067E5}"
EndProject
Global
	GlobalSection(SolutionConfigurationPlatforms) = preSolution
		Debug|Any CPU = Debug|Any CPU
		Release|Any CPU = Release|Any CPU
	EndGlobalSection
	GlobalSection(ProjectConfigurationPlatforms) = postSolution
		{51ED697B-DD00-4BC8-8922-3D18276067E5}.Debug|Any CPU.ActiveCfg = Debug|Any CPU
		{51ED697B-DD00-4BC8-8922-3D18276067E5}.Debug|Any CPU.Build.0 = Debug|Any CPU
		{51ED697B-DD00-4BC8-8922-3D18276067E5}.Release|Any CPU.ActiveCfg = Release|Any CPU
		{51ED697B-DD00-4BC8-8922-3D18276067E5}.Release|Any CPU.Build.0 = Release|Any CPU
	EndGlobalSection
	GlobalSection(SolutionProperties) = preSolution
		HideSolutionNode = FALSE
	EndGlobalSection
	GlobalSection(ExtensibilityGlobals) = postSolution
		SolutionGuid = {A429EA3A-D5C7-44D7-A44C-1C8D86F2D50E}
	EndGlobalSection
EndGlobal
