
Microsoft Visual Studio Solution File, Format Version 12.00
# Visual Studio Version 17
VisualStudioVersion = 17.3.32901.215
MinimumVisualStudioVersion = 10.0.40219.1
Project("{FAE04EC0-301F-11D3-BF4B-00C04F79EFBC}") = "Ese15_Pag84", "Ese15_Pag84\Ese15_Pag84.csproj", "{0476AF26-A35D-461E-A854-856152A44A8B}"
EndProject
Global
	GlobalSection(SolutionConfigurationPlatforms) = preSolution
		Debug|Any CPU = Debug|Any CPU
		Release|Any CPU = Release|Any CPU
	EndGlobalSection
	GlobalSection(ProjectConfigurationPlatforms) = postSolution
		{0476AF26-A35D-461E-A854-856152A44A8B}.Debug|Any CPU.ActiveCfg = Debug|Any CPU
		{0476AF26-A35D-461E-A854-856152A44A8B}.Debug|Any CPU.Build.0 = Debug|Any CPU
		{0476AF26-A35D-461E-A854-856152A44A8B}.Release|Any CPU.ActiveCfg = Release|Any CPU
		{0476AF26-A35D-461E-A854-856152A44A8B}.Release|Any CPU.Build.0 = Release|Any CPU
	EndGlobalSection
	GlobalSection(SolutionProperties) = preSolution
		HideSolutionNode = FALSE
	EndGlobalSection
	GlobalSection(ExtensibilityGlobals) = postSolution
		SolutionGuid = {F47EABAD-433E-4285-BBE6-277B84342DB6}
	EndGlobalSection
EndGlobal
