
Microsoft Visual Studio Solution File, Format Version 12.00
# Visual Studio Version 17
VisualStudioVersion = 17.3.32901.215
MinimumVisualStudioVersion = 10.0.40219.1
Project("{FAE04EC0-301F-11D3-BF4B-00C04F79EFBC}") = "Ese_Pag_92", "Ese_Pag_92\Ese_Pag_92.csproj", "{EAAA7EE1-8988-4BF9-AFBA-0063F7956F42}"
EndProject
Global
	GlobalSection(SolutionConfigurationPlatforms) = preSolution
		Debug|Any CPU = Debug|Any CPU
		Release|Any CPU = Release|Any CPU
	EndGlobalSection
	GlobalSection(ProjectConfigurationPlatforms) = postSolution
		{EAAA7EE1-8988-4BF9-AFBA-0063F7956F42}.Debug|Any CPU.ActiveCfg = Debug|Any CPU
		{EAAA7EE1-8988-4BF9-AFBA-0063F7956F42}.Debug|Any CPU.Build.0 = Debug|Any CPU
		{EAAA7EE1-8988-4BF9-AFBA-0063F7956F42}.Release|Any CPU.ActiveCfg = Release|Any CPU
		{EAAA7EE1-8988-4BF9-AFBA-0063F7956F42}.Release|Any CPU.Build.0 = Release|Any CPU
	EndGlobalSection
	GlobalSection(SolutionProperties) = preSolution
		HideSolutionNode = FALSE
	EndGlobalSection
	GlobalSection(ExtensibilityGlobals) = postSolution
		SolutionGuid = {10FE0B42-BF59-4BD8-A05E-DBC1F7EE5F4A}
	EndGlobalSection
EndGlobal
