
Microsoft Visual Studio Solution File, Format Version 12.00
# Visual Studio Version 17
VisualStudioVersion = 17.3.32901.215
MinimumVisualStudioVersion = 10.0.40219.1
Project("{FAE04EC0-301F-11D3-BF4B-00C04F79EFBC}") = "Ese_7_Pag_115", "Ese_7_Pag_115\Ese_7_Pag_115.csproj", "{CE82D3C4-4905-467A-BC24-A2866F4663EE}"
EndProject
Global
	GlobalSection(SolutionConfigurationPlatforms) = preSolution
		Debug|Any CPU = Debug|Any CPU
		Release|Any CPU = Release|Any CPU
	EndGlobalSection
	GlobalSection(ProjectConfigurationPlatforms) = postSolution
		{CE82D3C4-4905-467A-BC24-A2866F4663EE}.Debug|Any CPU.ActiveCfg = Debug|Any CPU
		{CE82D3C4-4905-467A-BC24-A2866F4663EE}.Debug|Any CPU.Build.0 = Debug|Any CPU
		{CE82D3C4-4905-467A-BC24-A2866F4663EE}.Release|Any CPU.ActiveCfg = Release|Any CPU
		{CE82D3C4-4905-467A-BC24-A2866F4663EE}.Release|Any CPU.Build.0 = Release|Any CPU
	EndGlobalSection
	GlobalSection(SolutionProperties) = preSolution
		HideSolutionNode = FALSE
	EndGlobalSection
	GlobalSection(ExtensibilityGlobals) = postSolution
		SolutionGuid = {A7EFB623-8A80-4115-978E-B16AB7C11D6B}
	EndGlobalSection
EndGlobal
