
Microsoft Visual Studio Solution File, Format Version 12.00
# Visual Studio Version 17
VisualStudioVersion = 17.14.36121.58 d17.14
MinimumVisualStudioVersion = 10.0.40219.1
Project("{FAE04EC0-301F-11D3-BF4B-00C04F79EFBC}") = "Factory", "Factory\Factory.csproj", "{C6843828-2393-466E-84F2-03A7571051D3}"
EndProject
Global
	GlobalSection(SolutionConfigurationPlatforms) = preSolution
		Debug|Any CPU = Debug|Any CPU
		Release|Any CPU = Release|Any CPU
	EndGlobalSection
	GlobalSection(ProjectConfigurationPlatforms) = postSolution
		{C6843828-2393-466E-84F2-03A7571051D3}.Debug|Any CPU.ActiveCfg = Debug|Any CPU
		{C6843828-2393-466E-84F2-03A7571051D3}.Debug|Any CPU.Build.0 = Debug|Any CPU
		{C6843828-2393-466E-84F2-03A7571051D3}.Release|Any CPU.ActiveCfg = Release|Any CPU
		{C6843828-2393-466E-84F2-03A7571051D3}.Release|Any CPU.Build.0 = Release|Any CPU
	EndGlobalSection
	GlobalSection(SolutionProperties) = preSolution
		HideSolutionNode = FALSE
	EndGlobalSection
	GlobalSection(ExtensibilityGlobals) = postSolution
		SolutionGuid = {04A9FAEC-8F75-4D65-8E4D-AFF58EA1BD67}
	EndGlobalSection
EndGlobal
