
Microsoft Visual Studio Solution File, Format Version 12.00
# Visual Studio Version 17
VisualStudioVersion = 17.3.32901.215
MinimumVisualStudioVersion = 10.0.40219.1
Project("{FAE04EC0-301F-11D3-BF4B-00C04F79EFBC}") = "es 58 pag 86", "es 58 pag 86.csproj", "{F34F7483-EA09-4E70-8297-ED669F886276}"
EndProject
Global
	GlobalSection(SolutionConfigurationPlatforms) = preSolution
		Debug|Any CPU = Debug|Any CPU
		Release|Any CPU = Release|Any CPU
	EndGlobalSection
	GlobalSection(ProjectConfigurationPlatforms) = postSolution
		{F34F7483-EA09-4E70-8297-ED669F886276}.Debug|Any CPU.ActiveCfg = Debug|Any CPU
		{F34F7483-EA09-4E70-8297-ED669F886276}.Debug|Any CPU.Build.0 = Debug|Any CPU
		{F34F7483-EA09-4E70-8297-ED669F886276}.Release|Any CPU.ActiveCfg = Release|Any CPU
		{F34F7483-EA09-4E70-8297-ED669F886276}.Release|Any CPU.Build.0 = Release|Any CPU
	EndGlobalSection
	GlobalSection(SolutionProperties) = preSolution
		HideSolutionNode = FALSE
	EndGlobalSection
	GlobalSection(ExtensibilityGlobals) = postSolution
		SolutionGuid = {F0F5EECF-D760-47E4-BF6E-1E112C6A6810}
	EndGlobalSection
EndGlobal
