
Microsoft Visual Studio Solution File, Format Version 12.00
# Visual Studio Version 17
VisualStudioVersion = 17.7.34221.43
MinimumVisualStudioVersion = 10.0.40219.1
Project("{FAE04EC0-301F-11D3-BF4B-00C04F79EFBC}") = "Ese_59_Pag_86_Prof", "Ese_59_Pag_86_Prof\Ese_59_Pag_86_Prof.csproj", "{AA405982-A8C5-41AF-9225-C14B0268FE54}"
EndProject
Global
	GlobalSection(SolutionConfigurationPlatforms) = preSolution
		Debug|Any CPU = Debug|Any CPU
		Release|Any CPU = Release|Any CPU
	EndGlobalSection
	GlobalSection(ProjectConfigurationPlatforms) = postSolution
		{AA405982-A8C5-41AF-9225-C14B0268FE54}.Debug|Any CPU.ActiveCfg = Debug|Any CPU
		{AA405982-A8C5-41AF-9225-C14B0268FE54}.Debug|Any CPU.Build.0 = Debug|Any CPU
		{AA405982-A8C5-41AF-9225-C14B0268FE54}.Release|Any CPU.ActiveCfg = Release|Any CPU
		{AA405982-A8C5-41AF-9225-C14B0268FE54}.Release|Any CPU.Build.0 = Release|Any CPU
	EndGlobalSection
	GlobalSection(SolutionProperties) = preSolution
		HideSolutionNode = FALSE
	EndGlobalSection
	GlobalSection(ExtensibilityGlobals) = postSolution
		SolutionGuid = {2D953263-2B15-45AB-A6A7-115DFA142008}
	EndGlobalSection
EndGlobal
